{
  "version": "5",
  "specifiers": {
    "jsr:@std/assert@1": "1.0.13",
    "jsr:@std/bytes@^1.0.5": "1.0.5",
    "jsr:@std/internal@^1.0.6": "1.0.7",
    "jsr:@std/json@*": "1.0.2",
    "jsr:@std/json@^1.0.2": "1.0.2",
    "jsr:@std/streams@*": "1.0.9",
    "jsr:@std/streams@^1.0.9": "1.0.9",
    "npm:ts-pattern@^5.7.0": "5.7.0",
    "npm:xstate@^5.19.3": "5.19.3",
    "npm:zod@^3.24.4": "3.24.4"
  },
  "jsr": {
    "@std/assert@1.0.13": {
      "integrity": "ae0d31e41919b12c656c742b22522c32fb26ed0cba32975cb0de2a273cb68b29",
      "dependencies": [
        "jsr:@std/internal"
      ]
    },
    "@std/bytes@1.0.5": {
      "integrity": "4465dd739d7963d964c809202ebea6d5c6b8e3829ef25c6a224290fbb8a1021e"
    },
    "@std/internal@1.0.7": {
      "integrity": "39eeb5265190a7bc5d5591c9ff019490bd1f2c3907c044a11b0d545796158a0f"
    },
    "@std/json@1.0.2": {
      "integrity": "d9e5497801c15fb679f55a2c01c7794ad7a5dfda4dd1bebab5e409cb5e0d34d4",
      "dependencies": [
        "jsr:@std/streams@^1.0.9"
      ]
    },
    "@std/streams@1.0.9": {
      "integrity": "a9d26b1988cdd7aa7b1f4b51e1c36c1557f3f252880fa6cc5b9f37078b1a5035",
      "dependencies": [
        "jsr:@std/bytes"
      ]
    }
  },
  "npm": {
    "ts-pattern@5.7.0": {
      "integrity": "sha512-0/FvIG4g3kNkYgbNwBBW5pZBkfpeYQnH+2AA3xmjkCAit/DSDPKmgwC3fKof4oYUq6gupClVOJlFl+939VRBMg=="
    },
    "xstate@5.19.3": {
      "integrity": "sha512-q6sqD7LuontFVxQoGB7D6NkQRDLzs87qzQhUKvI0osKKK8xxktZBT7uwfisjh7Yi5VB2cN9NOpCSxJNpUPQCeg=="
    },
    "zod@3.24.4": {
      "integrity": "sha512-OdqJE9UDRPwWsrHjLN2F8bPxvwJBK22EHLWtanu0LSYr5YqzsaaW3RMgmjwr8Rypg5k+meEJdSPXJZXE/yqOMg=="
    }
  },
  "workspace": {
    "dependencies": [
      "jsr:@std/assert@1",
      "jsr:@std/json@^1.0.2",
      "jsr:@std/streams@^1.0.9",
      "npm:ts-pattern@^5.7.0",
      "npm:xstate@^5.19.3",
      "npm:zod@^3.24.4"
    ]
  }
}
